
Microsoft Visual Studio Solution File, Format Version 12.00
# Visual Studio 2013
VisualStudioVersion = 12.0.30110.0
MinimumVisualStudioVersion = 10.0.40219.1
Project("{FAE04EC0-301F-11D3-BF4B-00C04F79EFBC}") = "IHayom", "IHayom\IHayom.csproj", "{F69B4B78-6533-41D2-B94B-561DBBC200DE}"
EndProject
Project("{2150E333-8FDC-42A3-9474-1A3956D46DE8}") = "PublishScripts", "PublishScripts", "{BBAFAE66-4BBE-439C-A6DF-25B8D81B7772}"
	ProjectSection(SolutionItems) = preProject
		PublishScripts\AzureWebAppPublishModule.psm1 = PublishScripts\AzureWebAppPublishModule.psm1
		PublishScripts\Publish-WebApplication.ps1 = PublishScripts\Publish-WebApplication.ps1
	EndProjectSection
EndProject
Project("{2150E333-8FDC-42A3-9474-1A3956D46DE8}") = "Configurations", "Configurations", "{C1FC1134-A19F-40F4-BC5D-88A2B69185CD}"
	ProjectSection(SolutionItems) = preProject
		PublishScripts\Configurations\IHayom-WAWS-dev.json = PublishScripts\Configurations\IHayom-WAWS-dev.json
	EndProjectSection
EndProject
Global
	GlobalSection(SolutionConfigurationPlatforms) = preSolution
		Debug|Any CPU = Debug|Any CPU
		Release|Any CPU = Release|Any CPU
	EndGlobalSection
	GlobalSection(ProjectConfigurationPlatforms) = postSolution
		{F69B4B78-6533-41D2-B94B-561DBBC200DE}.Debug|Any CPU.ActiveCfg = Debug|Any CPU
		{F69B4B78-6533-41D2-B94B-561DBBC200DE}.Debug|Any CPU.Build.0 = Debug|Any CPU
		{F69B4B78-6533-41D2-B94B-561DBBC200DE}.Release|Any CPU.ActiveCfg = Release|Any CPU
		{F69B4B78-6533-41D2-B94B-561DBBC200DE}.Release|Any CPU.Build.0 = Release|Any CPU
	EndGlobalSection
	GlobalSection(SolutionProperties) = preSolution
		HideSolutionNode = FALSE
	EndGlobalSection
	GlobalSection(NestedProjects) = preSolution
		{C1FC1134-A19F-40F4-BC5D-88A2B69185CD} = {BBAFAE66-4BBE-439C-A6DF-25B8D81B7772}
	EndGlobalSection
EndGlobal
